// !$*UTF8*$!
{
	archiveVersion = 1;
	classes = {
	};
	objectVersion = 46;
	objects = {

/* Begin PBXBuildFile section */
		3B48D9EA168D5C1200B55E66 /* Default-568h@2x.png in Resources */ = {isa = PBXBuildFile; fileRef = 3B48D9E9168D5C1200B55E66 /* Default-568h@2x.png */; };
		3BB0D41915FF7DF100A1D9CC /* GCIPAssetPickerController.m in Sources */ = {isa = PBXBuildFile; fileRef = 3BF848E215AFD8E800922FB2 /* GCIPAssetPickerController.m */; };
		3BB0D41A15FF7DF400A1D9CC /* GCIPAssetGridCell.m in Sources */ = {isa = PBXBuildFile; fileRef = 3BF848E015AFD8E800922FB2 /* GCIPAssetGridCell.m */; };
		3BB0D41B15FF7DF900A1D9CC /* GCIPAssetView.m in Sources */ = {isa = PBXBuildFile; fileRef = 3BF848E415AFD8E800922FB2 /* GCIPAssetView.m */; };
		3BB0D41E15FF998300A1D9CC /* PPViewController.m in Sources */ = {isa = PBXBuildFile; fileRef = 3BB0D41D15FF998300A1D9CC /* PPViewController.m */; };
		3BBEE469160238BE0018CA9F /* GCImagePickerController.bundle in Resources */ = {isa = PBXBuildFile; fileRef = 3BBEE468160238BE0018CA9F /* GCImagePickerController.bundle */; };
		3BF848B215AFD7EA00922FB2 /* UIKit.framework in Frameworks */ = {isa = PBXBuildFile; fileRef = 3BF848B115AFD7EA00922FB2 /* UIKit.framework */; };
		3BF848B415AFD7EA00922FB2 /* Foundation.framework in Frameworks */ = {isa = PBXBuildFile; fileRef = 3BF848B315AFD7EA00922FB2 /* Foundation.framework */; };
		3BF848B615AFD7EA00922FB2 /* CoreGraphics.framework in Frameworks */ = {isa = PBXBuildFile; fileRef = 3BF848B515AFD7EA00922FB2 /* CoreGraphics.framework */; };
		3BF848BC15AFD7EA00922FB2 /* InfoPlist.strings in Resources */ = {isa = PBXBuildFile; fileRef = 3BF848BA15AFD7EA00922FB2 /* InfoPlist.strings */; };
		3BF848BE15AFD7EA00922FB2 /* main.m in Sources */ = {isa = PBXBuildFile; fileRef = 3BF848BD15AFD7EA00922FB2 /* main.m */; };
		3BF848C215AFD7EA00922FB2 /* PPAppDelegate.m in Sources */ = {isa = PBXBuildFile; fileRef = 3BF848C115AFD7EA00922FB2 /* PPAppDelegate.m */; };
		3BF848D115AFD85400922FB2 /* QuartzCore.framework in Frameworks */ = {isa = PBXBuildFile; fileRef = 3BF848D015AFD85400922FB2 /* QuartzCore.framework */; };
		3BF848D415AFD86200922FB2 /* AssetsLibrary.framework in Frameworks */ = {isa = PBXBuildFile; fileRef = 3BF848D315AFD86200922FB2 /* AssetsLibrary.framework */; };
		3BF848F415AFD8E800922FB2 /* ALAssetRepresentation+GCImagePickerControllerAdditions.m in Sources */ = {isa = PBXBuildFile; fileRef = 3BF848D715AFD8E800922FB2 /* ALAssetRepresentation+GCImagePickerControllerAdditions.m */; };
		3BF848F515AFD8E800922FB2 /* ALAssetsLibrary+GCImagePickerControllerAdditions.m in Sources */ = {isa = PBXBuildFile; fileRef = 3BF848D915AFD8E800922FB2 /* ALAssetsLibrary+GCImagePickerControllerAdditions.m */; };
		3BF848F715AFD8E800922FB2 /* GCImagePickerController.m in Sources */ = {isa = PBXBuildFile; fileRef = 3BF848DE15AFD8E800922FB2 /* GCImagePickerController.m */; };
		3BF848FB15AFD8E800922FB2 /* GCIPGroupPickerController.m in Sources */ = {isa = PBXBuildFile; fileRef = 3BF848E615AFD8E800922FB2 /* GCIPGroupPickerController.m */; };
		3BF848FC15AFD8E800922FB2 /* GCIPTableViewController.m in Sources */ = {isa = PBXBuildFile; fileRef = 3BF848E815AFD8E800922FB2 /* GCIPTableViewController.m */; };
		3BF848FD15AFD8E800922FB2 /* GCIPViewController.m in Sources */ = {isa = PBXBuildFile; fileRef = 3BF848EA15AFD8E800922FB2 /* GCIPViewController.m */; };
		3BF848FE15AFD8E800922FB2 /* GCIPViewController_Pad.m in Sources */ = {isa = PBXBuildFile; fileRef = 3BF848EC15AFD8E800922FB2 /* GCIPViewController_Pad.m */; };
		3BF848FF15AFD8E800922FB2 /* GCImagePickerControllerCheckGreen.png in Resources */ = {isa = PBXBuildFile; fileRef = 3BF848EE15AFD8E800922FB2 /* GCImagePickerControllerCheckGreen.png */; };
		3BF8490015AFD8E800922FB2 /* GCImagePickerControllerCheckGreen@2x.png in Resources */ = {isa = PBXBuildFile; fileRef = 3BF848EF15AFD8E800922FB2 /* GCImagePickerControllerCheckGreen@2x.png */; };
		3BF8490115AFD8E800922FB2 /* GCImagePickerControllerFilmRoll.png in Resources */ = {isa = PBXBuildFile; fileRef = 3BF848F015AFD8E800922FB2 /* GCImagePickerControllerFilmRoll.png */; };
		3BF8490215AFD8E800922FB2 /* GCImagePickerControllerFilmRoll@2x.png in Resources */ = {isa = PBXBuildFile; fileRef = 3BF848F115AFD8E800922FB2 /* GCImagePickerControllerFilmRoll@2x.png */; };
		3BF8490315AFD8E800922FB2 /* GCImagePickerControllerVideoAsset.png in Resources */ = {isa = PBXBuildFile; fileRef = 3BF848F215AFD8E800922FB2 /* GCImagePickerControllerVideoAsset.png */; };
		3BF8490415AFD8E800922FB2 /* GCImagePickerControllerVideoAsset@2x.png in Resources */ = {isa = PBXBuildFile; fileRef = 3BF848F315AFD8E800922FB2 /* GCImagePickerControllerVideoAsset@2x.png */; };
		3BF8490615AFD8FE00922FB2 /* Storyboard.storyboard in Resources */ = {isa = PBXBuildFile; fileRef = 3BF8490515AFD8FE00922FB2 /* Storyboard.storyboard */; };
/* End PBXBuildFile section */

/* Begin PBXFileReference section */
		3B48D9E9168D5C1200B55E66 /* Default-568h@2x.png */ = {isa = PBXFileReference; lastKnownFileType = image.png; name = "Default-568h@2x.png"; path = "../Default-568h@2x.png"; sourceTree = "<group>"; };
		3BB0D41C15FF998300A1D9CC /* PPViewController.h */ = {isa = PBXFileReference; fileEncoding = 4; lastKnownFileType = sourcecode.c.h; path = PPViewController.h; sourceTree = "<group>"; };
		3BB0D41D15FF998300A1D9CC /* PPViewController.m */ = {isa = PBXFileReference; fileEncoding = 4; lastKnownFileType = sourcecode.c.objc; path = PPViewController.m; sourceTree = "<group>"; };
		3BBEE468160238BE0018CA9F /* GCImagePickerController.bundle */ = {isa = PBXFileReference; lastKnownFileType = "wrapper.plug-in"; path = GCImagePickerController.bundle; sourceTree = "<group>"; };
		3BBEE46C16023C9B0018CA9F /* LICENSE */ = {isa = PBXFileReference; fileEncoding = 4; lastKnownFileType = text; name = LICENSE; path = ../LICENSE; sourceTree = "<group>"; };
		3BBEE46D16023C9B0018CA9F /* README.md */ = {isa = PBXFileReference; fileEncoding = 4; lastKnownFileType = text; name = README.md; path = ../README.md; sourceTree = "<group>"; };
		3BF848AD15AFD7EA00922FB2 /* PhotoPicker.app */ = {isa = PBXFileReference; explicitFileType = wrapper.application; includeInIndex = 0; path = PhotoPicker.app; sourceTree = BUILT_PRODUCTS_DIR; };
		3BF848B115AFD7EA00922FB2 /* UIKit.framework */ = {isa = PBXFileReference; lastKnownFileType = wrapper.framework; name = UIKit.framework; path = System/Library/Frameworks/UIKit.framework; sourceTree = SDKROOT; };
		3BF848B315AFD7EA00922FB2 /* Foundation.framework */ = {isa = PBXFileReference; lastKnownFileType = wrapper.framework; name = Foundation.framework; path = System/Library/Frameworks/Foundation.framework; sourceTree = SDKROOT; };
		3BF848B515AFD7EA00922FB2 /* CoreGraphics.framework */ = {isa = PBXFileReference; lastKnownFileType = wrapper.framework; name = CoreGraphics.framework; path = System/Library/Frameworks/CoreGraphics.framework; sourceTree = SDKROOT; };
		3BF848B915AFD7EA00922FB2 /* PhotoPicker-Info.plist */ = {isa = PBXFileReference; lastKnownFileType = text.plist.xml; path = "PhotoPicker-Info.plist"; sourceTree = "<group>"; };
		3BF848BB15AFD7EA00922FB2 /* en */ = {isa = PBXFileReference; lastKnownFileType = text.plist.strings; name = en; path = en.lproj/InfoPlist.strings; sourceTree = "<group>"; };
		3BF848BD15AFD7EA00922FB2 /* main.m */ = {isa = PBXFileReference; lastKnownFileType = sourcecode.c.objc; path = main.m; sourceTree = "<group>"; };
		3BF848BF15AFD7EA00922FB2 /* PhotoPicker-Prefix.pch */ = {isa = PBXFileReference; lastKnownFileType = sourcecode.c.h; path = "PhotoPicker-Prefix.pch"; sourceTree = "<group>"; };
		3BF848C015AFD7EA00922FB2 /* PPAppDelegate.h */ = {isa = PBXFileReference; lastKnownFileType = sourcecode.c.h; path = PPAppDelegate.h; sourceTree = "<group>"; };
		3BF848C115AFD7EA00922FB2 /* PPAppDelegate.m */ = {isa = PBXFileReference; lastKnownFileType = sourcecode.c.objc; path = PPAppDelegate.m; sourceTree = "<group>"; };
		3BF848D015AFD85400922FB2 /* QuartzCore.framework */ = {isa = PBXFileReference; lastKnownFileType = wrapper.framework; name = QuartzCore.framework; path = System/Library/Frameworks/QuartzCore.framework; sourceTree = SDKROOT; };
		3BF848D315AFD86200922FB2 /* AssetsLibrary.framework */ = {isa = PBXFileReference; lastKnownFileType = wrapper.framework; name = AssetsLibrary.framework; path = System/Library/Frameworks/AssetsLibrary.framework; sourceTree = SDKROOT; };
		3BF848D615AFD8E800922FB2 /* ALAssetRepresentation+GCImagePickerControllerAdditions.h */ = {isa = PBXFileReference; fileEncoding = 4; lastKnownFileType = sourcecode.c.h; path = "ALAssetRepresentation+GCImagePickerControllerAdditions.h"; sourceTree = "<group>"; };
		3BF848D715AFD8E800922FB2 /* ALAssetRepresentation+GCImagePickerControllerAdditions.m */ = {isa = PBXFileReference; fileEncoding = 4; lastKnownFileType = sourcecode.c.objc; path = "ALAssetRepresentation+GCImagePickerControllerAdditions.m"; sourceTree = "<group>"; };
		3BF848D815AFD8E800922FB2 /* ALAssetsLibrary+GCImagePickerControllerAdditions.h */ = {isa = PBXFileReference; fileEncoding = 4; lastKnownFileType = sourcecode.c.h; path = "ALAssetsLibrary+GCImagePickerControllerAdditions.h"; sourceTree = "<group>"; };
		3BF848D915AFD8E800922FB2 /* ALAssetsLibrary+GCImagePickerControllerAdditions.m */ = {isa = PBXFileReference; fileEncoding = 4; lastKnownFileType = sourcecode.c.objc; path = "ALAssetsLibrary+GCImagePickerControllerAdditions.m"; sourceTree = "<group>"; };
		3BF848DD15AFD8E800922FB2 /* GCImagePickerController.h */ = {isa = PBXFileReference; fileEncoding = 4; lastKnownFileType = sourcecode.c.h; path = GCImagePickerController.h; sourceTree = "<group>"; };
		3BF848DE15AFD8E800922FB2 /* GCImagePickerController.m */ = {isa = PBXFileReference; fileEncoding = 4; lastKnownFileType = sourcecode.c.objc; path = GCImagePickerController.m; sourceTree = "<group>"; };
		3BF848DF15AFD8E800922FB2 /* GCIPAssetGridCell.h */ = {isa = PBXFileReference; fileEncoding = 4; lastKnownFileType = sourcecode.c.h; path = GCIPAssetGridCell.h; sourceTree = "<group>"; };
		3BF848E015AFD8E800922FB2 /* GCIPAssetGridCell.m */ = {isa = PBXFileReference; fileEncoding = 4; lastKnownFileType = sourcecode.c.objc; path = GCIPAssetGridCell.m; sourceTree = "<group>"; };
		3BF848E115AFD8E800922FB2 /* GCIPAssetPickerController.h */ = {isa = PBXFileReference; fileEncoding = 4; lastKnownFileType = sourcecode.c.h; path = GCIPAssetPickerController.h; sourceTree = "<group>"; };
		3BF848E215AFD8E800922FB2 /* GCIPAssetPickerController.m */ = {isa = PBXFileReference; fileEncoding = 4; lastKnownFileType = sourcecode.c.objc; path = GCIPAssetPickerController.m; sourceTree = "<group>"; };
		3BF848E315AFD8E800922FB2 /* GCIPAssetView.h */ = {isa = PBXFileReference; fileEncoding = 4; lastKnownFileType = sourcecode.c.h; path = GCIPAssetView.h; sourceTree = "<group>"; };
		3BF848E415AFD8E800922FB2 /* GCIPAssetView.m */ = {isa = PBXFileReference; fileEncoding = 4; lastKnownFileType = sourcecode.c.objc; path = GCIPAssetView.m; sourceTree = "<group>"; };
		3BF848E515AFD8E800922FB2 /* GCIPGroupPickerController.h */ = {isa = PBXFileReference; fileEncoding = 4; lastKnownFileType = sourcecode.c.h; path = GCIPGroupPickerController.h; sourceTree = "<group>"; };
		3BF848E615AFD8E800922FB2 /* GCIPGroupPickerController.m */ = {isa = PBXFileReference; fileEncoding = 4; lastKnownFileType = sourcecode.c.objc; path = GCIPGroupPickerController.m; sourceTree = "<group>"; };
		3BF848E715AFD8E800922FB2 /* GCIPTableViewController.h */ = {isa = PBXFileReference; fileEncoding = 4; lastKnownFileType = sourcecode.c.h; path = GCIPTableViewController.h; sourceTree = "<group>"; };
		3BF848E815AFD8E800922FB2 /* GCIPTableViewController.m */ = {isa = PBXFileReference; fileEncoding = 4; lastKnownFileType = sourcecode.c.objc; path = GCIPTableViewController.m; sourceTree = "<group>"; };
		3BF848E915AFD8E800922FB2 /* GCIPViewController.h */ = {isa = PBXFileReference; fileEncoding = 4; lastKnownFileType = sourcecode.c.h; path = GCIPViewController.h; sourceTree = "<group>"; };
		3BF848EA15AFD8E800922FB2 /* GCIPViewController.m */ = {isa = PBXFileReference; fileEncoding = 4; lastKnownFileType = sourcecode.c.objc; path = GCIPViewController.m; sourceTree = "<group>"; };
		3BF848EB15AFD8E800922FB2 /* GCIPViewController_Pad.h */ = {isa = PBXFileReference; fileEncoding = 4; lastKnownFileType = sourcecode.c.h; path = GCIPViewController_Pad.h; sourceTree = "<group>"; };
		3BF848EC15AFD8E800922FB2 /* GCIPViewController_Pad.m */ = {isa = PBXFileReference; fileEncoding = 4; lastKnownFileType = sourcecode.c.objc; path = GCIPViewController_Pad.m; sourceTree = "<group>"; };
		3BF848EE15AFD8E800922FB2 /* GCImagePickerControllerCheckGreen.png */ = {isa = PBXFileReference; lastKnownFileType = image.png; path = GCImagePickerControllerCheckGreen.png; sourceTree = "<group>"; };
		3BF848EF15AFD8E800922FB2 /* GCImagePickerControllerCheckGreen@2x.png */ = {isa = PBXFileReference; lastKnownFileType = image.png; path = "GCImagePickerControllerCheckGreen@2x.png"; sourceTree = "<group>"; };
		3BF848F015AFD8E800922FB2 /* GCImagePickerControllerFilmRoll.png */ = {isa = PBXFileReference; lastKnownFileType = image.png; path = GCImagePickerControllerFilmRoll.png; sourceTree = "<group>"; };
		3BF848F115AFD8E800922FB2 /* GCImagePickerControllerFilmRoll@2x.png */ = {isa = PBXFileReference; lastKnownFileType = image.png; path = "GCImagePickerControllerFilmRoll@2x.png"; sourceTree = "<group>"; };
		3BF848F215AFD8E800922FB2 /* GCImagePickerControllerVideoAsset.png */ = {isa = PBXFileReference; lastKnownFileType = image.png; path = GCImagePickerControllerVideoAsset.png; sourceTree = "<group>"; };
		3BF848F315AFD8E800922FB2 /* GCImagePickerControllerVideoAsset@2x.png */ = {isa = PBXFileReference; lastKnownFileType = image.png; path = "GCImagePickerControllerVideoAsset@2x.png"; sourceTree = "<group>"; };
		3BF8490515AFD8FE00922FB2 /* Storyboard.storyboard */ = {isa = PBXFileReference; fileEncoding = 4; lastKnownFileType = file.storyboard; path = Storyboard.storyboard; sourceTree = "<group>"; };
/* End PBXFileReference section */

/* Begin PBXFrameworksBuildPhase section */
		3BF848AA15AFD7EA00922FB2 /* Frameworks */ = {
			isa = PBXFrameworksBuildPhase;
			buildActionMask = 2147483647;
			files = (
				3BF848D415AFD86200922FB2 /* AssetsLibrary.framework in Frameworks */,
				3BF848D115AFD85400922FB2 /* QuartzCore.framework in Frameworks */,
				3BF848B215AFD7EA00922FB2 /* UIKit.framework in Frameworks */,
				3BF848B415AFD7EA00922FB2 /* Foundation.framework in Frameworks */,
				3BF848B615AFD7EA00922FB2 /* CoreGraphics.framework in Frameworks */,
			);
			runOnlyForDeploymentPostprocessing = 0;
		};
/* End PBXFrameworksBuildPhase section */

/* Begin PBXGroup section */
		3BF848A215AFD7EA00922FB2 = {
			isa = PBXGroup;
			children = (
				3BBEE46C16023C9B0018CA9F /* LICENSE */,
				3BBEE46D16023C9B0018CA9F /* README.md */,
				3BF848D515AFD8E800922FB2 /* GCImagePickerController */,
				3BF848B715AFD7EA00922FB2 /* PhotoPicker */,
				3BF848B015AFD7EA00922FB2 /* Frameworks */,
				3BF848AE15AFD7EA00922FB2 /* Products */,
			);
			sourceTree = "<group>";
		};
		3BF848AE15AFD7EA00922FB2 /* Products */ = {
			isa = PBXGroup;
			children = (
				3BF848AD15AFD7EA00922FB2 /* PhotoPicker.app */,
			);
			name = Products;
			sourceTree = "<group>";
		};
		3BF848B015AFD7EA00922FB2 /* Frameworks */ = {
			isa = PBXGroup;
			children = (
				3BF848D315AFD86200922FB2 /* AssetsLibrary.framework */,
				3BF848D015AFD85400922FB2 /* QuartzCore.framework */,
				3BF848B115AFD7EA00922FB2 /* UIKit.framework */,
				3BF848B315AFD7EA00922FB2 /* Foundation.framework */,
				3BF848B515AFD7EA00922FB2 /* CoreGraphics.framework */,
			);
			name = Frameworks;
			sourceTree = "<group>";
		};
		3BF848B715AFD7EA00922FB2 /* PhotoPicker */ = {
			isa = PBXGroup;
			children = (
				3BF848C015AFD7EA00922FB2 /* PPAppDelegate.h */,
				3BF848C115AFD7EA00922FB2 /* PPAppDelegate.m */,
				3BB0D41C15FF998300A1D9CC /* PPViewController.h */,
				3BB0D41D15FF998300A1D9CC /* PPViewController.m */,
				3BF848B815AFD7EA00922FB2 /* Supporting Files */,
			);
			path = PhotoPicker;
			sourceTree = "<group>";
		};
		3BF848B815AFD7EA00922FB2 /* Supporting Files */ = {
			isa = PBXGroup;
			children = (
				3B48D9E9168D5C1200B55E66 /* Default-568h@2x.png */,
				3BF848B915AFD7EA00922FB2 /* PhotoPicker-Info.plist */,
				3BF848BA15AFD7EA00922FB2 /* InfoPlist.strings */,
				3BF848BD15AFD7EA00922FB2 /* main.m */,
				3BF848BF15AFD7EA00922FB2 /* PhotoPicker-Prefix.pch */,
				3BF8490515AFD8FE00922FB2 /* Storyboard.storyboard */,
			);
			name = "Supporting Files";
			sourceTree = "<group>";
		};
		3BF848D515AFD8E800922FB2 /* GCImagePickerController */ = {
			isa = PBXGroup;
			children = (
				3BF848DD15AFD8E800922FB2 /* GCImagePickerController.h */,
				3BF848DE15AFD8E800922FB2 /* GCImagePickerController.m */,
				3BF848E915AFD8E800922FB2 /* GCIPViewController.h */,
				3BF848EA15AFD8E800922FB2 /* GCIPViewController.m */,
				3BF848E715AFD8E800922FB2 /* GCIPTableViewController.h */,
				3BF848E815AFD8E800922FB2 /* GCIPTableViewController.m */,
				3BF848E515AFD8E800922FB2 /* GCIPGroupPickerController.h */,
				3BF848E615AFD8E800922FB2 /* GCIPGroupPickerController.m */,
				3BF848E115AFD8E800922FB2 /* GCIPAssetPickerController.h */,
				3BF848E215AFD8E800922FB2 /* GCIPAssetPickerController.m */,
				3BF848DF15AFD8E800922FB2 /* GCIPAssetGridCell.h */,
				3BF848E015AFD8E800922FB2 /* GCIPAssetGridCell.m */,
				3BF848E315AFD8E800922FB2 /* GCIPAssetView.h */,
				3BF848E415AFD8E800922FB2 /* GCIPAssetView.m */,
				3BF848EB15AFD8E800922FB2 /* GCIPViewController_Pad.h */,
				3BF848EC15AFD8E800922FB2 /* GCIPViewController_Pad.m */,
				3BF848D615AFD8E800922FB2 /* ALAssetRepresentation+GCImagePickerControllerAdditions.h */,
				3BF848D715AFD8E800922FB2 /* ALAssetRepresentation+GCImagePickerControllerAdditions.m */,
				3BF848D815AFD8E800922FB2 /* ALAssetsLibrary+GCImagePickerControllerAdditions.h */,
				3BF848D915AFD8E800922FB2 /* ALAssetsLibrary+GCImagePickerControllerAdditions.m */,
				3BBEE468160238BE0018CA9F /* GCImagePickerController.bundle */,
				3BF848ED15AFD8E800922FB2 /* Images */,
			);
			name = GCImagePickerController;
			path = ../GCImagePickerController;
			sourceTree = "<group>";
		};
		3BF848ED15AFD8E800922FB2 /* Images */ = {
			isa = PBXGroup;
			children = (
				3BF848EE15AFD8E800922FB2 /* GCImagePickerControllerCheckGreen.png */,
				3BF848EF15AFD8E800922FB2 /* GCImagePickerControllerCheckGreen@2x.png */,
				3BF848F015AFD8E800922FB2 /* GCImagePickerControllerFilmRoll.png */,
				3BF848F115AFD8E800922FB2 /* GCImagePickerControllerFilmRoll@2x.png */,
				3BF848F215AFD8E800922FB2 /* GCImagePickerControllerVideoAsset.png */,
				3BF848F315AFD8E800922FB2 /* GCImagePickerControllerVideoAsset@2x.png */,
			);
			path = Images;
			sourceTree = "<group>";
		};
/* End PBXGroup section */

/* Begin PBXNativeTarget section */
		3BF848AC15AFD7EA00922FB2 /* PhotoPicker */ = {
			isa = PBXNativeTarget;
			buildConfigurationList = 3BF848C515AFD7EA00922FB2 /* Build configuration list for PBXNativeTarget "PhotoPicker" */;
			buildPhases = (
				3BF848A915AFD7EA00922FB2 /* Sources */,
				3BF848AA15AFD7EA00922FB2 /* Frameworks */,
				3BF848AB15AFD7EA00922FB2 /* Resources */,
			);
			buildRules = (
			);
			dependencies = (
			);
			name = PhotoPicker;
			productName = PhotoPicker;
			productReference = 3BF848AD15AFD7EA00922FB2 /* PhotoPicker.app */;
			productType = "com.apple.product-type.application";
		};
/* End PBXNativeTarget section */

/* Begin PBXProject section */
		3BF848A415AFD7EA00922FB2 /* Project object */ = {
			isa = PBXProject;
			attributes = {
				CLASSPREFIX = PP;
				LastUpgradeCheck = 0440;
				ORGANIZATIONNAME = "Caleb Davenport";
			};
			buildConfigurationList = 3BF848A715AFD7EA00922FB2 /* Build configuration list for PBXProject "PhotoPicker" */;
			compatibilityVersion = "Xcode 3.2";
			developmentRegion = English;
			hasScannedForEncodings = 0;
			knownRegions = (
				en,
				de,
			);
			mainGroup = 3BF848A215AFD7EA00922FB2;
			productRefGroup = 3BF848AE15AFD7EA00922FB2 /* Products */;
			projectDirPath = "";
			projectRoot = "";
			targets = (
				3BF848AC15AFD7EA00922FB2 /* PhotoPicker */,
			);
		};
/* End PBXProject section */

/* Begin PBXResourcesBuildPhase section */
		3BF848AB15AFD7EA00922FB2 /* Resources */ = {
			isa = PBXResourcesBuildPhase;
			buildActionMask = 2147483647;
			files = (
				3BF848BC15AFD7EA00922FB2 /* InfoPlist.strings in Resources */,
				3BF848FF15AFD8E800922FB2 /* GCImagePickerControllerCheckGreen.png in Resources */,
				3BF8490015AFD8E800922FB2 /* GCImagePickerControllerCheckGreen@2x.png in Resources */,
				3BF8490115AFD8E800922FB2 /* GCImagePickerControllerFilmRoll.png in Resources */,
				3BF8490215AFD8E800922FB2 /* GCImagePickerControllerFilmRoll@2x.png in Resources */,
				3BF8490315AFD8E800922FB2 /* GCImagePickerControllerVideoAsset.png in Resources */,
				3BF8490415AFD8E800922FB2 /* GCImagePickerControllerVideoAsset@2x.png in Resources */,
				3BF8490615AFD8FE00922FB2 /* Storyboard.storyboard in Resources */,
				3BBEE469160238BE0018CA9F /* GCImagePickerController.bundle in Resources */,
				3B48D9EA168D5C1200B55E66 /* Default-568h@2x.png in Resources */,
			);
			runOnlyForDeploymentPostprocessing = 0;
		};
/* End PBXResourcesBuildPhase section */

/* Begin PBXSourcesBuildPhase section */
		3BF848A915AFD7EA00922FB2 /* Sources */ = {
			isa = PBXSourcesBuildPhase;
			buildActionMask = 2147483647;
			files = (
				3BF848BE15AFD7EA00922FB2 /* main.m in Sources */,
				3BF848C215AFD7EA00922FB2 /* PPAppDelegate.m in Sources */,
				3BF848F415AFD8E800922FB2 /* ALAssetRepresentation+GCImagePickerControllerAdditions.m in Sources */,
				3BF848F515AFD8E800922FB2 /* ALAssetsLibrary+GCImagePickerControllerAdditions.m in Sources */,
				3BF848F715AFD8E800922FB2 /* GCImagePickerController.m in Sources */,
				3BF848FB15AFD8E800922FB2 /* GCIPGroupPickerController.m in Sources */,
				3BF848FC15AFD8E800922FB2 /* GCIPTableViewController.m in Sources */,
				3BF848FD15AFD8E800922FB2 /* GCIPViewController.m in Sources */,
				3BF848FE15AFD8E800922FB2 /* GCIPViewController_Pad.m in Sources */,
				3BB0D41915FF7DF100A1D9CC /* GCIPAssetPickerController.m in Sources */,
				3BB0D41A15FF7DF400A1D9CC /* GCIPAssetGridCell.m in Sources */,
				3BB0D41B15FF7DF900A1D9CC /* GCIPAssetView.m in Sources */,
				3BB0D41E15FF998300A1D9CC /* PPViewController.m in Sources */,
			);
			runOnlyForDeploymentPostprocessing = 0;
		};
/* End PBXSourcesBuildPhase section */

/* Begin PBXVariantGroup section */
		3BF848BA15AFD7EA00922FB2 /* InfoPlist.strings */ = {
			isa = PBXVariantGroup;
			children = (
				3BF848BB15AFD7EA00922FB2 /* en */,
			);
			name = InfoPlist.strings;
			sourceTree = "<group>";
		};
/* End PBXVariantGroup section */

/* Begin XCBuildConfiguration section */
		3BF848C315AFD7EA00922FB2 /* Debug */ = {
			isa = XCBuildConfiguration;
			buildSettings = {
				ALWAYS_SEARCH_USER_PATHS = NO;
				ARCHS = "$(ARCHS_STANDARD_32_BIT)";
				CLANG_CXX_LANGUAGE_STANDARD = "gnu++0x";
				CLANG_ENABLE_OBJC_ARC = YES;
				CLANG_WARN__DUPLICATE_METHOD_MATCH = YES;
				"CODE_SIGN_IDENTITY[sdk=iphoneos*]" = "iPhone Developer";
				COPY_PHASE_STRIP = NO;
				GCC_C_LANGUAGE_STANDARD = gnu99;
				GCC_DYNAMIC_NO_PIC = NO;
				GCC_OPTIMIZATION_LEVEL = 0;
				GCC_PREPROCESSOR_DEFINITIONS = (
					"DEBUG=1",
					"$(inherited)",
				);
				GCC_SYMBOLS_PRIVATE_EXTERN = NO;
				GCC_VERSION = com.apple.compilers.llvm.clang.1_0;
				GCC_WARN_ABOUT_RETURN_TYPE = YES;
				GCC_WARN_UNINITIALIZED_AUTOS = YES;
				GCC_WARN_UNUSED_VARIABLE = YES;
				IPHONEOS_DEPLOYMENT_TARGET = 5.1;
				SDKROOT = iphoneos;
				TARGETED_DEVICE_FAMILY = "1,2";
			};
			name = Debug;
		};
		3BF848C415AFD7EA00922FB2 /* Release */ = {
			isa = XCBuildConfiguration;
			buildSettings = {
				ALWAYS_SEARCH_USER_PATHS = NO;
				ARCHS = "$(ARCHS_STANDARD_32_BIT)";
				CLANG_CXX_LANGUAGE_STANDARD = "gnu++0x";
				CLANG_ENABLE_OBJC_ARC = YES;
				CLANG_WARN__DUPLICATE_METHOD_MATCH = YES;
				"CODE_SIGN_IDENTITY[sdk=iphoneos*]" = "iPhone Developer";
				COPY_PHASE_STRIP = YES;
				GCC_C_LANGUAGE_STANDARD = gnu99;
				GCC_VERSION = com.apple.compilers.llvm.clang.1_0;
				GCC_WARN_ABOUT_RETURN_TYPE = YES;
				GCC_WARN_UNINITIALIZED_AUTOS = YES;
				GCC_WARN_UNUSED_VARIABLE = YES;
				IPHONEOS_DEPLOYMENT_TARGET = 5.1;
				OTHER_CFLAGS = "-DNS_BLOCK_ASSERTIONS=1";
				SDKROOT = iphoneos;
				TARGETED_DEVICE_FAMILY = "1,2";
				VALIDATE_PRODUCT = YES;
			};
			name = Release;
		};
		3BF848C615AFD7EA00922FB2 /* Debug */ = {
			isa = XCBuildConfiguration;
			buildSettings = {
				GCC_PRECOMPILE_PREFIX_HEADER = YES;
				GCC_PREFIX_HEADER = "PhotoPicker/PhotoPicker-Prefix.pch";
				INFOPLIST_FILE = "PhotoPicker/PhotoPicker-Info.plist";
				PRODUCT_NAME = "$(TARGET_NAME)";
				WRAPPER_EXTENSION = app;
			};
			name = Debug;
		};
		3BF848C715AFD7EA00922FB2 /* Release */ = {
			isa = XCBuildConfiguration;
			buildSettings = {
				GCC_PRECOMPILE_PREFIX_HEADER = YES;
				GCC_PREFIX_HEADER = "PhotoPicker/PhotoPicker-Prefix.pch";
				INFOPLIST_FILE = "PhotoPicker/PhotoPicker-Info.plist";
				PRODUCT_NAME = "$(TARGET_NAME)";
				WRAPPER_EXTENSION = app;
			};
			name = Release;
		};
/* End XCBuildConfiguration section */

/* Begin XCConfigurationList section */
		3BF848A715AFD7EA00922FB2 /* Build configuration list for PBXProject "PhotoPicker" */ = {
			isa = XCConfigurationList;
			buildConfigurations = (
				3BF848C315AFD7EA00922FB2 /* Debug */,
				3BF848C415AFD7EA00922FB2 /* Release */,
			);
			defaultConfigurationIsVisible = 0;
			defaultConfigurationName = Release;
		};
		3BF848C515AFD7EA00922FB2 /* Build configuration list for PBXNativeTarget "PhotoPicker" */ = {
			isa = XCConfigurationList;
			buildConfigurations = (
				3BF848C615AFD7EA00922FB2 /* Debug */,
				3BF848C715AFD7EA00922FB2 /* Release */,
			);
			defaultConfigurationIsVisible = 0;
			defaultConfigurationName = Release;
		};
/* End XCConfigurationList section */
	};
	rootObject = 3BF848A415AFD7EA00922FB2 /* Project object */;
}
